{
    "_readme": [
        "This file locks the dependencies of your project to a known state",
        "Read more about it at https://getcomposer.org/doc/01-basic-usage.md#installing-dependencies",
        "This file is @generated automatically"
    ],
    "content-hash": "6c69e3031be7ad0d8fe90fd4309b63a5",
    "packages": [
        {
            "name": "composer/installers",
            "version": "v1.9.0",
            "source": {
                "type": "git",
                "url": "https://github.com/composer/installers.git",
                "reference": "b93bcf0fa1fccb0b7d176b0967d969691cd74cca"
            },
            "dist": {
                "type": "zip",
                "url": "https://api.github.com/repos/composer/installers/zipball/b93bcf0fa1fccb0b7d176b0967d969691cd74cca",
                "reference": "b93bcf0fa1fccb0b7d176b0967d969691cd74cca",
                "shasum": ""
            },
            "require": {
                "composer-plugin-api": "^1.0 || ^2.0"
            },
            "replace": {
                "roundcube/plugin-installer": "*",
                "shama/baton": "*"
            },
            "require-dev": {
                "composer/composer": "1.6.* || 2.0.*@dev",
                "composer/semver": "1.0.* || 2.0.*@dev",
                "phpunit/phpunit": "^4.8.36",
                "sebastian/comparator": "^1.2.4",
                "symfony/process": "^2.3"
            },
            "type": "composer-plugin",
            "extra": {
                "class": "Composer\\Installers\\Plugin",
                "branch-alias": {
                    "dev-master": "1.0-dev"
                }
            },
            "autoload": {
                "psr-4": {
                    "Composer\\Installers\\": "src/Composer/Installers"
                }
            },
            "notification-url": "https://packagist.org/downloads/",
            "license": [
                "MIT"
            ],
            "authors": [
                {
                    "name": "Kyle Robinson Young",
                    "email": "kyle@dontkry.com",
                    "homepage": "https://github.com/shama"
                }
            ],
            "description": "A multi-framework Composer library installer",
            "homepage": "https://composer.github.io/installers/",
            "keywords": [
                "Craft",
                "Dolibarr",
                "Eliasis",
                "Hurad",
                "ImageCMS",
                "Kanboard",
                "Lan Management System",
                "MODX Evo",
                "MantisBT",
                "Mautic",
                "Maya",
                "OXID",
                "Plentymarkets",
                "Porto",
                "RadPHP",
                "SMF",
                "Thelia",
                "Whmcs",
                "WolfCMS",
                "agl",
                "aimeos",
                "annotatecms",
                "attogram",
                "bitrix",
                "cakephp",
                "chef",
                "cockpit",
                "codeigniter",
                "concrete5",
                "croogo",
                "dokuwiki",
                "drupal",
                "eZ Platform",
                "elgg",
                "expressionengine",
                "fuelphp",
                "grav",
                "installer",
                "itop",
                "joomla",
                "known",
                "kohana",
                "laravel",
                "lavalite",
                "lithium",
                "magento",
                "majima",
                "mako",
                "mediawiki",
                "modulework",
                "modx",
                "moodle",
                "osclass",
                "phpbb",
                "piwik",
                "ppi",
                "puppet",
                "pxcms",
                "reindex",
                "roundcube",
                "shopware",
                "silverstripe",
                "sydes",
                "sylius",
                "symfony",
                "typo3",
                "wordpress",
                "yawik",
                "zend",
                "zikula"
            ],
            "support": {
                "issues": "https://github.com/composer/installers/issues",
                "source": "https://github.com/composer/installers/tree/v1.9.0"
            },
            "funding": [
                {
                    "url": "https://packagist.com",
                    "type": "custom"
                },
                {
                    "url": "https://tidelift.com/funding/github/packagist/composer/composer",
                    "type": "tidelift"
                }
            ],
            "time": "2020-04-07T06:57:05+00:00"
        },
        {
            "name": "koodimonni-language/es_es",
            "version": "5.5.3",
            "dist": {
                "type": "zip",
                "url": "https://downloads.wordpress.org/translation/core/5.5.3/es_ES.zip"
            },
            "require": {
                "koodimonni-plugin-language/akismet-es_es": "*",
                "koodimonni-plugin-language/bbpress-es_es": "*",
                "koodimonni-plugin-language/buddypress-es_es": "*",
                "koodimonni-plugin-language/woocommerce-es_es": "*",
                "koodimonni-plugin-language/wordpress-importer-es_es": "*",
                "koodimonni-theme-language/twentyeleven-es_es": "*",
                "koodimonni-theme-language/twentyfifteen-es_es": "*",
                "koodimonni-theme-language/twentyfourteen-es_es": "*",
                "koodimonni-theme-language/twentysixteen-es_es": "*",
                "koodimonni-theme-language/twentyten-es_es": "*",
                "koodimonni-theme-language/twentythirteen-es_es": "*",
                "koodimonni-theme-language/twentytwelve-es_es": "*",
                "koodimonni/composer-dropin-installer": ">=0.2.3"
            },
            "type": "wordpress-language",
            "description": "Full Wordpress translation (including themes and core plugins) for Spanish (Spain) - es_es",
            "keywords": [
                "Full-Package",
                "Translation",
                "Wordpress",
                "es_es",
                "twentysixteen"
            ]
        },
        {
            "name": "koodimonni-language/fr_fr",
            "version": "5.5.3",
            "dist": {
                "type": "zip",
                "url": "https://downloads.wordpress.org/translation/core/5.5.3/fr_FR.zip"
            },
            "require": {
                "koodimonni-plugin-language/akismet-fr_fr": "*",
                "koodimonni-plugin-language/bbpress-fr_fr": "*",
                "koodimonni-plugin-language/buddypress-fr_fr": "*",
                "koodimonni-plugin-language/woocommerce-fr_fr": "*",
                "koodimonni-plugin-language/wordpress-importer-fr_fr": "*",
                "koodimonni-theme-language/twentyeleven-fr_fr": "*",
                "koodimonni-theme-language/twentyfifteen-fr_fr": "*",
                "koodimonni-theme-language/twentyfourteen-fr_fr": "*",
                "koodimonni-theme-language/twentysixteen-fr_fr": "*",
                "koodimonni-theme-language/twentyten-fr_fr": "*",
                "koodimonni-theme-language/twentythirteen-fr_fr": "*",
                "koodimonni-theme-language/twentytwelve-fr_fr": "*",
                "koodimonni/composer-dropin-installer": ">=0.2.3"
            },
            "type": "wordpress-language",
            "description": "Full Wordpress translation (including themes and core plugins) for French (France) - fr_fr",
            "keywords": [
                "Full-Package",
                "Translation",
                "Wordpress",
                "fr_fr",
                "twentysixteen"
            ]
        },
        {
            "name": "koodimonni-language/it_it",
            "version": "5.5.3",
            "dist": {
                "type": "zip",
                "url": "https://downloads.wordpress.org/translation/core/5.5.3/it_IT.zip"
            },
            "require": {
                "koodimonni-plugin-language/akismet-it_it": "*",
                "koodimonni-plugin-language/bbpress-it_it": "*",
                "koodimonni-plugin-language/buddypress-it_it": "*",
                "koodimonni-plugin-language/woocommerce-it_it": "*",
                "koodimonni-plugin-language/wordpress-importer-it_it": "*",
                "koodimonni-theme-language/twentyeleven-it_it": "*",
                "koodimonni-theme-language/twentyfifteen-it_it": "*",
                "koodimonni-theme-language/twentyfourteen-it_it": "*",
                "koodimonni-theme-language/twentysixteen-it_it": "*",
                "koodimonni-theme-language/twentyten-it_it": "*",
                "koodimonni-theme-language/twentythirteen-it_it": "*",
                "koodimonni-theme-language/twentytwelve-it_it": "*",
                "koodimonni/composer-dropin-installer": ">=0.2.3"
            },
            "type": "wordpress-language",
            "description": "Full Wordpress translation (including themes and core plugins) for Italian - it_it",
            "keywords": [
                "Full-Package",
                "Translation",
                "Wordpress",
                "it_it",
                "twentysixteen"
            ]
        },
        {
            "name": "koodimonni-plugin-language/akismet-es_es",
            "version": "4.1.7",
            "dist": {
                "type": "zip",
                "url": "https://downloads.wordpress.org/translation/plugin/akismet/4.1.7/es_ES.zip"
            },
            "require": {
                "koodimonni/composer-dropin-installer": ">=0.2.3"
            },
            "type": "wordpress-language",
            "description": "Wordpress akismet translation for Spanish (Spain) - es_es",
            "keywords": [
                "Translation",
                "Wordpress",
                "akismet",
                "es_es"
            ]
        },
        {
            "name": "koodimonni-plugin-language/akismet-fr_fr",
            "version": "4.1.7",
            "dist": {
                "type": "zip",
                "url": "https://downloads.wordpress.org/translation/plugin/akismet/4.1.7/fr_FR.zip"
            },
            "require": {
                "koodimonni/composer-dropin-installer": ">=0.2.3"
            },
            "type": "wordpress-language",
            "description": "Wordpress akismet translation for French (France) - fr_fr",
            "keywords": [
                "Translation",
                "Wordpress",
                "akismet",
                "fr_fr"
            ]
        },
        {
            "name": "koodimonni-plugin-language/akismet-it_it",
            "version": "4.1.7",
            "dist": {
                "type": "zip",
                "url": "https://downloads.wordpress.org/translation/plugin/akismet/4.1.7/it_IT.zip"
            },
            "require": {
                "koodimonni/composer-dropin-installer": ">=0.2.3"
            },
            "type": "wordpress-language",
            "description": "Wordpress akismet translation for Italian - it_it",
            "keywords": [
                "Translation",
                "Wordpress",
                "akismet",
                "it_it"
            ]
        },
        {
            "name": "koodimonni-plugin-language/bbpress-es_es",
            "version": "2.6.6",
            "dist": {
                "type": "zip",
                "url": "https://downloads.wordpress.org/translation/plugin/bbpress/2.6.6/es_ES.zip"
            },
            "require": {
                "koodimonni/composer-dropin-installer": ">=0.2.3"
            },
            "type": "wordpress-language",
            "description": "Wordpress bbpress translation for Spanish (Spain) - es_es",
            "keywords": [
                "Translation",
                "Wordpress",
                "bbpress",
                "es_es"
            ]
        },
        {
            "name": "koodimonni-plugin-language/bbpress-fr_fr",
            "version": "2.6.6",
            "dist": {
                "type": "zip",
                "url": "https://downloads.wordpress.org/translation/plugin/bbpress/2.6.6/fr_FR.zip"
            },
            "require": {
                "koodimonni/composer-dropin-installer": ">=0.2.3"
            },
            "type": "wordpress-language",
            "description": "Wordpress bbpress translation for French (France) - fr_fr",
            "keywords": [
                "Translation",
                "Wordpress",
                "bbpress",
                "fr_fr"
            ]
        },
        {
            "name": "koodimonni-plugin-language/bbpress-it_it",
            "version": "2.6.6",
            "dist": {
                "type": "zip",
                "url": "https://downloads.wordpress.org/translation/plugin/bbpress/2.6.6/it_IT.zip"
            },
            "require": {
                "koodimonni/composer-dropin-installer": ">=0.2.3"
            },
            "type": "wordpress-language",
            "description": "Wordpress bbpress translation for Italian - it_it",
            "keywords": [
                "Translation",
                "Wordpress",
                "bbpress",
                "it_it"
            ]
        },
        {
            "name": "koodimonni-plugin-language/buddypress-es_es",
            "version": "6.4.0",
            "dist": {
                "type": "zip",
                "url": "https://downloads.wordpress.org/translation/plugin/buddypress/6.4.0/es_ES.zip"
            },
            "require": {
                "koodimonni/composer-dropin-installer": ">=0.2.3"
            },
            "type": "wordpress-language",
            "description": "Wordpress buddypress translation for Spanish (Spain) - es_es",
            "keywords": [
                "Translation",
                "Wordpress",
                "buddypress",
                "es_es"
            ]
        },
        {
            "name": "koodimonni-plugin-language/buddypress-fr_fr",
            "version": "6.4.0",
            "dist": {
                "type": "zip",
                "url": "https://downloads.wordpress.org/translation/plugin/buddypress/6.4.0/fr_FR.zip"
            },
            "require": {
                "koodimonni/composer-dropin-installer": ">=0.2.3"
            },
            "type": "wordpress-language",
            "description": "Wordpress buddypress translation for French (France) - fr_fr",
            "keywords": [
                "Translation",
                "Wordpress",
                "buddypress",
                "fr_fr"
            ]
        },
        {
            "name": "koodimonni-plugin-language/buddypress-it_it",
            "version": "6.4.0",
            "dist": {
                "type": "zip",
                "url": "https://downloads.wordpress.org/translation/plugin/buddypress/6.4.0/it_IT.zip"
            },
            "require": {
                "koodimonni/composer-dropin-installer": ">=0.2.3"
            },
            "type": "wordpress-language",
            "description": "Wordpress buddypress translation for Italian - it_it",
            "keywords": [
                "Translation",
                "Wordpress",
                "buddypress",
                "it_it"
            ]
        },
        {
            "name": "koodimonni-plugin-language/woocommerce-es_es",
            "version": "4.7.1",
            "dist": {
                "type": "zip",
                "url": "https://downloads.wordpress.org/translation/plugin/woocommerce/4.7.1/es_ES.zip"
            },
            "require": {
                "koodimonni/composer-dropin-installer": ">=0.2.3"
            },
            "type": "wordpress-language",
            "description": "Wordpress woocommerce translation for Spanish (Spain) - es_es",
            "keywords": [
                "Translation",
                "Wordpress",
                "es_es",
                "woocommerce"
            ]
        },
        {
            "name": "koodimonni-plugin-language/woocommerce-fr_fr",
            "version": "4.7.1",
            "dist": {
                "type": "zip",
                "url": "https://downloads.wordpress.org/translation/plugin/woocommerce/4.7.1/fr_FR.zip"
            },
            "require": {
                "koodimonni/composer-dropin-installer": ">=0.2.3"
            },
            "type": "wordpress-language",
            "description": "Wordpress woocommerce translation for French (France) - fr_fr",
            "keywords": [
                "Translation",
                "Wordpress",
                "fr_fr",
                "woocommerce"
            ]
        },
        {
            "name": "koodimonni-plugin-language/woocommerce-it_it",
            "version": "4.7.1",
            "dist": {
                "type": "zip",
                "url": "https://downloads.wordpress.org/translation/plugin/woocommerce/4.7.1/it_IT.zip"
            },
            "require": {
                "koodimonni/composer-dropin-installer": ">=0.2.3"
            },
            "type": "wordpress-language",
            "description": "Wordpress woocommerce translation for Italian - it_it",
            "keywords": [
                "Translation",
                "Wordpress",
                "it_it",
                "woocommerce"
            ]
        },
        {
            "name": "koodimonni-plugin-language/wordpress-importer-es_es",
            "version": "0.7",
            "dist": {
                "type": "zip",
                "url": "https://downloads.wordpress.org/translation/plugin/wordpress-importer/0.7/es_ES.zip"
            },
            "require": {
                "koodimonni/composer-dropin-installer": ">=0.2.3"
            },
            "type": "wordpress-language",
            "description": "Wordpress wordpress-importer translation for Spanish (Spain) - es_es",
            "keywords": [
                "Translation",
                "Wordpress",
                "es_es",
                "wordpress-importer"
            ]
        },
        {
            "name": "koodimonni-plugin-language/wordpress-importer-fr_fr",
            "version": "0.7",
            "dist": {
                "type": "zip",
                "url": "https://downloads.wordpress.org/translation/plugin/wordpress-importer/0.7/fr_FR.zip"
            },
            "require": {
                "koodimonni/composer-dropin-installer": ">=0.2.3"
            },
            "type": "wordpress-language",
            "description": "Wordpress wordpress-importer translation for French (France) - fr_fr",
            "keywords": [
                "Translation",
                "Wordpress",
                "fr_fr",
                "wordpress-importer"
            ]
        },
        {
            "name": "koodimonni-plugin-language/wordpress-importer-it_it",
            "version": "0.7",
            "dist": {
                "type": "zip",
                "url": "https://downloads.wordpress.org/translation/plugin/wordpress-importer/0.7/it_IT.zip"
            },
            "require": {
                "koodimonni/composer-dropin-installer": ">=0.2.3"
            },
            "type": "wordpress-language",
            "description": "Wordpress wordpress-importer translation for Italian - it_it",
            "keywords": [
                "Translation",
                "Wordpress",
                "it_it",
                "wordpress-importer"
            ]
        },
        {
            "name": "koodimonni-theme-language/twentyeleven-es_es",
            "version": "3.5",
            "dist": {
                "type": "zip",
                "url": "https://downloads.wordpress.org/translation/theme/twentyeleven/3.5/es_ES.zip"
            },
            "require": {
                "koodimonni/composer-dropin-installer": ">=0.2.3"
            },
            "type": "wordpress-language",
            "description": "Wordpress twentyeleven translation for Spanish (Spain) - es_es",
            "keywords": [
                "Translation",
                "Wordpress",
                "es_es",
                "twentyeleven"
            ]
        },
        {
            "name": "koodimonni-theme-language/twentyeleven-fr_fr",
            "version": "3.5",
            "dist": {
                "type": "zip",
                "url": "https://downloads.wordpress.org/translation/theme/twentyeleven/3.5/fr_FR.zip"
            },
            "require": {
                "koodimonni/composer-dropin-installer": ">=0.2.3"
            },
            "type": "wordpress-language",
            "description": "Wordpress twentyeleven translation for French (France) - fr_fr",
            "keywords": [
                "Translation",
                "Wordpress",
                "fr_fr",
                "twentyeleven"
            ]
        },
        {
            "name": "koodimonni-theme-language/twentyeleven-it_it",
            "version": "3.5",
            "dist": {
                "type": "zip",
                "url": "https://downloads.wordpress.org/translation/theme/twentyeleven/3.5/it_IT.zip"
            },
            "require": {
                "koodimonni/composer-dropin-installer": ">=0.2.3"
            },
            "type": "wordpress-language",
            "description": "Wordpress twentyeleven translation for Italian - it_it",
            "keywords": [
                "Translation",
                "Wordpress",
                "it_it",
                "twentyeleven"
            ]
        },
        {
            "name": "koodimonni-theme-language/twentyfifteen-es_es",
            "version": "2.7",
            "dist": {
                "type": "zip",
                "url": "https://downloads.wordpress.org/translation/theme/twentyfifteen/2.7/es_ES.zip"
            },
            "require": {
                "koodimonni/composer-dropin-installer": ">=0.2.3"
            },
            "type": "wordpress-language",
            "description": "Wordpress twentyfifteen translation for Spanish (Spain) - es_es",
            "keywords": [
                "Translation",
                "Wordpress",
                "es_es",
                "twentyfifteen"
            ]
        },
        {
            "name": "koodimonni-theme-language/twentyfifteen-fr_fr",
            "version": "2.7",
            "dist": {
                "type": "zip",
                "url": "https://downloads.wordpress.org/translation/theme/twentyfifteen/2.7/fr_FR.zip"
            },
            "require": {
                "koodimonni/composer-dropin-installer": ">=0.2.3"
            },
            "type": "wordpress-language",
            "description": "Wordpress twentyfifteen translation for French (France) - fr_fr",
            "keywords": [
                "Translation",
                "Wordpress",
                "fr_fr",
                "twentyfifteen"
            ]
        },
        {
            "name": "koodimonni-theme-language/twentyfifteen-it_it",
            "version": "2.7",
            "dist": {
                "type": "zip",
                "url": "https://downloads.wordpress.org/translation/theme/twentyfifteen/2.7/it_IT.zip"
            },
            "require": {
                "koodimonni/composer-dropin-installer": ">=0.2.3"
            },
            "type": "wordpress-language",
            "description": "Wordpress twentyfifteen translation for Italian - it_it",
            "keywords": [
                "Translation",
                "Wordpress",
                "it_it",
                "twentyfifteen"
            ]
        },
        {
            "name": "koodimonni-theme-language/twentyfourteen-es_es",
            "version": "2.9",
            "dist": {
                "type": "zip",
                "url": "https://downloads.wordpress.org/translation/theme/twentyfourteen/2.9/es_ES.zip"
            },
            "require": {
                "koodimonni/composer-dropin-installer": ">=0.2.3"
            },
            "type": "wordpress-language",
            "description": "Wordpress twentyfourteen translation for Spanish (Spain) - es_es",
            "keywords": [
                "Translation",
                "Wordpress",
                "es_es",
                "twentyfourteen"
            ]
        },
        {
            "name": "koodimonni-theme-language/twentyfourteen-fr_fr",
            "version": "2.9",
            "dist": {
                "type": "zip",
                "url": "https://downloads.wordpress.org/translation/theme/twentyfourteen/2.9/fr_FR.zip"
            },
            "require": {
                "koodimonni/composer-dropin-installer": ">=0.2.3"
            },
            "type": "wordpress-language",
            "description": "Wordpress twentyfourteen translation for French (France) - fr_fr",
            "keywords": [
                "Translation",
                "Wordpress",
                "fr_fr",
                "twentyfourteen"
            ]
        },
        {
            "name": "koodimonni-theme-language/twentyfourteen-it_it",
            "version": "2.9",
            "dist": {
                "type": "zip",
                "url": "https://downloads.wordpress.org/translation/theme/twentyfourteen/2.9/it_IT.zip"
            },
            "require": {
                "koodimonni/composer-dropin-installer": ">=0.2.3"
            },
            "type": "wordpress-language",
            "description": "Wordpress twentyfourteen translation for Italian - it_it",
            "keywords": [
                "Translation",
                "Wordpress",
                "it_it",
                "twentyfourteen"
            ]
        },
        {
            "name": "koodimonni-theme-language/twentysixteen-es_es",
            "version": "2.2",
            "dist": {
                "type": "zip",
                "url": "https://downloads.wordpress.org/translation/theme/twentysixteen/2.2/es_ES.zip"
            },
            "require": {
                "koodimonni/composer-dropin-installer": ">=0.2.3"
            },
            "type": "wordpress-language",
            "description": "Wordpress twentysixteen translation for Spanish (Spain) - es_es",
            "keywords": [
                "Translation",
                "Wordpress",
                "es_es",
                "twentysixteen"
            ]
        },
        {
            "name": "koodimonni-theme-language/twentysixteen-fr_fr",
            "version": "2.2",
            "dist": {
                "type": "zip",
                "url": "https://downloads.wordpress.org/translation/theme/twentysixteen/2.2/fr_FR.zip"
            },
            "require": {
                "koodimonni/composer-dropin-installer": ">=0.2.3"
            },
            "type": "wordpress-language",
            "description": "Wordpress twentysixteen translation for French (France) - fr_fr",
            "keywords": [
                "Translation",
                "Wordpress",
                "fr_fr",
                "twentysixteen"
            ]
        },
        {
            "name": "koodimonni-theme-language/twentysixteen-it_it",
            "version": "2.2",
            "dist": {
                "type": "zip",
                "url": "https://downloads.wordpress.org/translation/theme/twentysixteen/2.2/it_IT.zip"
            },
            "require": {
                "koodimonni/composer-dropin-installer": ">=0.2.3"
            },
            "type": "wordpress-language",
            "description": "Wordpress twentysixteen translation for Italian - it_it",
            "keywords": [
                "Translation",
                "Wordpress",
                "it_it",
                "twentysixteen"
            ]
        },
        {
            "name": "koodimonni-theme-language/twentyten-es_es",
            "version": "3.1",
            "dist": {
                "type": "zip",
                "url": "https://downloads.wordpress.org/translation/theme/twentyten/3.1/es_ES.zip"
            },
            "require": {
                "koodimonni/composer-dropin-installer": ">=0.2.3"
            },
            "type": "wordpress-language",
            "description": "Wordpress twentyten translation for Spanish (Spain) - es_es",
            "keywords": [
                "Translation",
                "Wordpress",
                "es_es",
                "twentyten"
            ]
        },
        {
            "name": "koodimonni-theme-language/twentyten-fr_fr",
            "version": "3.1",
            "dist": {
                "type": "zip",
                "url": "https://downloads.wordpress.org/translation/theme/twentyten/3.1/fr_FR.zip"
            },
            "require": {
                "koodimonni/composer-dropin-installer": ">=0.2.3"
            },
            "type": "wordpress-language",
            "description": "Wordpress twentyten translation for French (France) - fr_fr",
            "keywords": [
                "Translation",
                "Wordpress",
                "fr_fr",
                "twentyten"
            ]
        },
        {
            "name": "koodimonni-theme-language/twentyten-it_it",
            "version": "3.1",
            "dist": {
                "type": "zip",
                "url": "https://downloads.wordpress.org/translation/theme/twentyten/3.1/it_IT.zip"
            },
            "require": {
                "koodimonni/composer-dropin-installer": ">=0.2.3"
            },
            "type": "wordpress-language",
            "description": "Wordpress twentyten translation for Italian - it_it",
            "keywords": [
                "Translation",
                "Wordpress",
                "it_it",
                "twentyten"
            ]
        },
        {
            "name": "koodimonni-theme-language/twentythirteen-es_es",
            "version": "3.1",
            "dist": {
                "type": "zip",
                "url": "https://downloads.wordpress.org/translation/theme/twentythirteen/3.1/es_ES.zip"
            },
            "require": {
                "koodimonni/composer-dropin-installer": ">=0.2.3"
            },
            "type": "wordpress-language",
            "description": "Wordpress twentythirteen translation for Spanish (Spain) - es_es",
            "keywords": [
                "Translation",
                "Wordpress",
                "es_es",
                "twentythirteen"
            ]
        },
        {
            "name": "koodimonni-theme-language/twentythirteen-fr_fr",
            "version": "3.1",
            "dist": {
                "type": "zip",
                "url": "https://downloads.wordpress.org/translation/theme/twentythirteen/3.1/fr_FR.zip"
            },
            "require": {
                "koodimonni/composer-dropin-installer": ">=0.2.3"
            },
            "type": "wordpress-language",
            "description": "Wordpress twentythirteen translation for French (France) - fr_fr",
            "keywords": [
                "Translation",
                "Wordpress",
                "fr_fr",
                "twentythirteen"
            ]
        },
        {
            "name": "koodimonni-theme-language/twentythirteen-it_it",
            "version": "3.1",
            "dist": {
                "type": "zip",
                "url": "https://downloads.wordpress.org/translation/theme/twentythirteen/3.1/it_IT.zip"
            },
            "require": {
                "koodimonni/composer-dropin-installer": ">=0.2.3"
            },
            "type": "wordpress-language",
            "description": "Wordpress twentythirteen translation for Italian - it_it",
            "keywords": [
                "Translation",
                "Wordpress",
                "it_it",
                "twentythirteen"
            ]
        },
        {
            "name": "koodimonni-theme-language/twentytwelve-es_es",
            "version": "3.2",
            "dist": {
                "type": "zip",
                "url": "https://downloads.wordpress.org/translation/theme/twentytwelve/3.2/es_ES.zip"
            },
            "require": {
                "koodimonni/composer-dropin-installer": ">=0.2.3"
            },
            "type": "wordpress-language",
            "description": "Wordpress twentytwelve translation for Spanish (Spain) - es_es",
            "keywords": [
                "Translation",
                "Wordpress",
                "es_es",
                "twentytwelve"
            ]
        },
        {
            "name": "koodimonni-theme-language/twentytwelve-fr_fr",
            "version": "3.2",
            "dist": {
                "type": "zip",
                "url": "https://downloads.wordpress.org/translation/theme/twentytwelve/3.2/fr_FR.zip"
            },
            "require": {
                "koodimonni/composer-dropin-installer": ">=0.2.3"
            },
            "type": "wordpress-language",
            "description": "Wordpress twentytwelve translation for French (France) - fr_fr",
            "keywords": [
                "Translation",
                "Wordpress",
                "fr_fr",
                "twentytwelve"
            ]
        },
        {
            "name": "koodimonni-theme-language/twentytwelve-it_it",
            "version": "3.2",
            "dist": {
                "type": "zip",
                "url": "https://downloads.wordpress.org/translation/theme/twentytwelve/3.2/it_IT.zip"
            },
            "require": {
                "koodimonni/composer-dropin-installer": ">=0.2.3"
            },
            "type": "wordpress-language",
            "description": "Wordpress twentytwelve translation for Italian - it_it",
            "keywords": [
                "Translation",
                "Wordpress",
                "it_it",
                "twentytwelve"
            ]
        },
        {
            "name": "koodimonni/composer-dropin-installer",
            "version": "1.3",
            "source": {
                "type": "git",
                "url": "https://github.com/Koodimonni/Composer-Dropin-Installer.git",
                "reference": "2ebddd0ead26f52962be385dcc85057be4c5a69e"
            },
            "dist": {
                "type": "zip",
                "url": "https://api.github.com/repos/Koodimonni/Composer-Dropin-Installer/zipball/2ebddd0ead26f52962be385dcc85057be4c5a69e",
                "reference": "2ebddd0ead26f52962be385dcc85057be4c5a69e",
                "shasum": ""
            },
            "require": {
                "composer-plugin-api": "^1.0 | ^2.0",
                "php": ">=5.3.2"
            },
            "require-dev": {
                "phpunit/phpunit": "^5.7"
            },
            "type": "composer-plugin",
            "extra": {
                "class": "Koodimonni\\Composer\\Dropin"
            },
            "autoload": {
                "psr-4": {
                    "Koodimonni\\Composer\\": "src/"
                }
            },
            "notification-url": "https://packagist.org/downloads/",
            "license": [
                "WTFPL"
            ],
            "authors": [
                {
                    "name": "Onni Hakala",
                    "email": "onni@koodimonni.fi",
                    "role": "Developer"
                }
            ],
            "description": "Install packages or a few files from packages into custom paths without overwriting existing stuff.",
            "support": {
                "issues": "https://github.com/Koodimonni/Composer-Dropin-Installer/issues",
                "source": "https://github.com/Koodimonni/Composer-Dropin-Installer/tree/master"
            },
            "time": "2020-08-17T07:41:05+00:00"
        },
        {
            "name": "wpackagist-plugin/wp-stateless",
            "version": "3.1.0",
            "source": {
                "type": "svn",
                "url": "https://plugins.svn.wordpress.org/wp-stateless/",
                "reference": "tags/3.1.0"
            },
            "dist": {
                "type": "zip",
                "url": "https://downloads.wordpress.org/plugin/wp-stateless.3.1.0.zip"
            },
            "require": {
                "composer/installers": "~1.0"
            },
            "type": "wordpress-plugin",
            "homepage": "https://wordpress.org/plugins/wp-stateless/"
        }
    ],
    "packages-dev": [],
    "aliases": [],
    "minimum-stability": "stable",
    "stability-flags": [],
    "prefer-stable": false,
    "prefer-lowest": false,
    "platform": [],
    "platform-dev": [],
    "plugin-api-version": "2.0.0"
}
