{
    "_readme": [
        "This file locks the dependencies of your project to a known state",
        "Read more about it at https://getcomposer.org/doc/01-basic-usage.md#installing-dependencies",
        "This file is @generated automatically"
    ],
    "content-hash": "fc37e717be94714cbd62342da0f9f935",
    "packages": [
        {
            "name": "composer/installers",
            "version": "v1.11.0",
            "source": {
                "type": "git",
                "url": "https://github.com/composer/installers.git",
                "reference": "ae03311f45dfe194412081526be2e003960df74b"
            },
            "dist": {
                "type": "zip",
                "url": "https://api.github.com/repos/composer/installers/zipball/ae03311f45dfe194412081526be2e003960df74b",
                "reference": "ae03311f45dfe194412081526be2e003960df74b",
                "shasum": ""
            },
            "require": {
                "composer-plugin-api": "^1.0 || ^2.0"
            },
            "replace": {
                "roundcube/plugin-installer": "*",
                "shama/baton": "*"
            },
            "require-dev": {
                "composer/composer": "1.6.* || ^2.0",
                "composer/semver": "^1 || ^3",
                "phpstan/phpstan": "^0.12.55",
                "phpstan/phpstan-phpunit": "^0.12.16",
                "symfony/phpunit-bridge": "^4.2 || ^5",
                "symfony/process": "^2.3"
            },
            "type": "composer-plugin",
            "extra": {
                "class": "Composer\\Installers\\Plugin",
                "branch-alias": {
                    "dev-main": "1.x-dev"
                }
            },
            "autoload": {
                "psr-4": {
                    "Composer\\Installers\\": "src/Composer/Installers"
                }
            },
            "notification-url": "https://packagist.org/downloads/",
            "license": [
                "MIT"
            ],
            "authors": [
                {
                    "name": "Kyle Robinson Young",
                    "email": "kyle@dontkry.com",
                    "homepage": "https://github.com/shama"
                }
            ],
            "description": "A multi-framework Composer library installer",
            "homepage": "https://composer.github.io/installers/",
            "keywords": [
                "Craft",
                "Dolibarr",
                "Eliasis",
                "Hurad",
                "ImageCMS",
                "Kanboard",
                "Lan Management System",
                "MODX Evo",
                "MantisBT",
                "Mautic",
                "Maya",
                "OXID",
                "Plentymarkets",
                "Porto",
                "RadPHP",
                "SMF",
                "Starbug",
                "Thelia",
                "Whmcs",
                "WolfCMS",
                "agl",
                "aimeos",
                "annotatecms",
                "attogram",
                "bitrix",
                "cakephp",
                "chef",
                "cockpit",
                "codeigniter",
                "concrete5",
                "croogo",
                "dokuwiki",
                "drupal",
                "eZ Platform",
                "elgg",
                "expressionengine",
                "fuelphp",
                "grav",
                "installer",
                "itop",
                "joomla",
                "known",
                "kohana",
                "laravel",
                "lavalite",
                "lithium",
                "magento",
                "majima",
                "mako",
                "mediawiki",
                "miaoxing",
                "modulework",
                "modx",
                "moodle",
                "osclass",
                "phpbb",
                "piwik",
                "ppi",
                "processwire",
                "puppet",
                "pxcms",
                "reindex",
                "roundcube",
                "shopware",
                "silverstripe",
                "sydes",
                "sylius",
                "symfony",
                "tastyigniter",
                "typo3",
                "wordpress",
                "yawik",
                "zend",
                "zikula"
            ],
            "support": {
                "issues": "https://github.com/composer/installers/issues",
                "source": "https://github.com/composer/installers/tree/v1.11.0"
            },
            "funding": [
                {
                    "url": "https://packagist.com",
                    "type": "custom"
                },
                {
                    "url": "https://github.com/composer",
                    "type": "github"
                },
                {
                    "url": "https://tidelift.com/funding/github/packagist/composer/composer",
                    "type": "tidelift"
                }
            ],
            "time": "2021-04-28T06:42:17+00:00"
        },
        {
            "name": "inpsyde/wp-translation-downloader",
            "version": "2.0.3",
            "source": {
                "type": "git",
                "url": "https://github.com/inpsyde/wp-translation-downloader.git",
                "reference": "e01829af6eccdb7e48868f7fb2d025a7bfdd58fb"
            },
            "dist": {
                "type": "zip",
                "url": "https://api.github.com/repos/inpsyde/wp-translation-downloader/zipball/e01829af6eccdb7e48868f7fb2d025a7bfdd58fb",
                "reference": "e01829af6eccdb7e48868f7fb2d025a7bfdd58fb",
                "shasum": ""
            },
            "require": {
                "composer-plugin-api": "^1.0 || ^2.0",
                "composer/installers": "^1.6",
                "php": ">=7.1"
            },
            "require-dev": {
                "behat/behat": "^3.7",
                "brain/monkey": "^2",
                "composer/composer": "^2.0",
                "inpsyde/php-coding-standards": "^1.0.0-RC.1",
                "phpunit/phpunit": "^8"
            },
            "type": "composer-plugin",
            "extra": {
                "class": "Inpsyde\\WpTranslationDownloader\\Plugin"
            },
            "autoload": {
                "psr-4": {
                    "Inpsyde\\WpTranslationDownloader\\": "src/"
                }
            },
            "notification-url": "https://packagist.org/downloads/",
            "license": [
                "MIT"
            ],
            "authors": [
                {
                    "name": "Christian Leucht",
                    "email": "chris@chrico.info"
                }
            ],
            "description": "Composer plugin to download translations from wordpress.org API.",
            "support": {
                "issues": "https://github.com/inpsyde/wp-translation-downloader/issues",
                "source": "https://github.com/inpsyde/wp-translation-downloader/tree/2.0.3"
            },
            "time": "2021-03-25T09:30:06+00:00"
        },
        {
            "name": "koodimonni-language/it_it",
            "version": "5.7.2",
            "dist": {
                "type": "zip",
                "url": "https://downloads.wordpress.org/translation/core/5.7.2/it_IT.zip"
            },
            "require": {
                "koodimonni-plugin-language/akismet-it_it": "*",
                "koodimonni-plugin-language/bbpress-it_it": "*",
                "koodimonni-plugin-language/buddypress-it_it": "*",
                "koodimonni-plugin-language/woocommerce-it_it": "*",
                "koodimonni-plugin-language/wordpress-importer-it_it": "*",
                "koodimonni-theme-language/twentyeleven-it_it": "*",
                "koodimonni-theme-language/twentyfifteen-it_it": "*",
                "koodimonni-theme-language/twentyfourteen-it_it": "*",
                "koodimonni-theme-language/twentysixteen-it_it": "*",
                "koodimonni-theme-language/twentyten-it_it": "*",
                "koodimonni-theme-language/twentythirteen-it_it": "*",
                "koodimonni-theme-language/twentytwelve-it_it": "*",
                "koodimonni/composer-dropin-installer": ">=0.2.3"
            },
            "type": "wordpress-language",
            "description": "Full Wordpress translation (including themes and core plugins) for Italian - it_it",
            "keywords": [
                "Full-Package",
                "Translation",
                "Wordpress",
                "it_it",
                "twentysixteen"
            ]
        },
        {
            "name": "koodimonni-plugin-language/akismet-it_it",
            "version": "4.1.9",
            "dist": {
                "type": "zip",
                "url": "https://downloads.wordpress.org/translation/plugin/akismet/4.1.9/it_IT.zip"
            },
            "require": {
                "koodimonni/composer-dropin-installer": ">=0.2.3"
            },
            "type": "wordpress-language",
            "description": "Wordpress akismet translation for Italian - it_it",
            "keywords": [
                "Translation",
                "Wordpress",
                "akismet",
                "it_it"
            ]
        },
        {
            "name": "koodimonni-plugin-language/bbpress-it_it",
            "version": "2.6.6",
            "dist": {
                "type": "zip",
                "url": "https://downloads.wordpress.org/translation/plugin/bbpress/2.6.6/it_IT.zip"
            },
            "require": {
                "koodimonni/composer-dropin-installer": ">=0.2.3"
            },
            "type": "wordpress-language",
            "description": "Wordpress bbpress translation for Italian - it_it",
            "keywords": [
                "Translation",
                "Wordpress",
                "bbpress",
                "it_it"
            ]
        },
        {
            "name": "koodimonni-plugin-language/buddypress-it_it",
            "version": "8.0.0",
            "dist": {
                "type": "zip",
                "url": "https://downloads.wordpress.org/translation/plugin/buddypress/8.0.0/it_IT.zip"
            },
            "require": {
                "koodimonni/composer-dropin-installer": ">=0.2.3"
            },
            "type": "wordpress-language",
            "description": "Wordpress buddypress translation for Italian - it_it",
            "keywords": [
                "Translation",
                "Wordpress",
                "buddypress",
                "it_it"
            ]
        },
        {
            "name": "koodimonni-plugin-language/woocommerce-it_it",
            "version": "5.4.1",
            "dist": {
                "type": "zip",
                "url": "https://downloads.wordpress.org/translation/plugin/woocommerce/5.4.1/it_IT.zip"
            },
            "require": {
                "koodimonni/composer-dropin-installer": ">=0.2.3"
            },
            "type": "wordpress-language",
            "description": "Wordpress woocommerce translation for Italian - it_it",
            "keywords": [
                "Translation",
                "Wordpress",
                "it_it",
                "woocommerce"
            ]
        },
        {
            "name": "koodimonni-plugin-language/wordpress-importer-it_it",
            "version": "0.7",
            "dist": {
                "type": "zip",
                "url": "https://downloads.wordpress.org/translation/plugin/wordpress-importer/0.7/it_IT.zip"
            },
            "require": {
                "koodimonni/composer-dropin-installer": ">=0.2.3"
            },
            "type": "wordpress-language",
            "description": "Wordpress wordpress-importer translation for Italian - it_it",
            "keywords": [
                "Translation",
                "Wordpress",
                "it_it",
                "wordpress-importer"
            ]
        },
        {
            "name": "koodimonni-theme-language/twentyeleven-it_it",
            "version": "3.7",
            "dist": {
                "type": "zip",
                "url": "https://downloads.wordpress.org/translation/theme/twentyeleven/3.7/it_IT.zip"
            },
            "require": {
                "koodimonni/composer-dropin-installer": ">=0.2.3"
            },
            "type": "wordpress-language",
            "description": "Wordpress twentyeleven translation for Italian - it_it",
            "keywords": [
                "Translation",
                "Wordpress",
                "it_it",
                "twentyeleven"
            ]
        },
        {
            "name": "koodimonni-theme-language/twentyfifteen-it_it",
            "version": "2.9",
            "dist": {
                "type": "zip",
                "url": "https://downloads.wordpress.org/translation/theme/twentyfifteen/2.9/it_IT.zip"
            },
            "require": {
                "koodimonni/composer-dropin-installer": ">=0.2.3"
            },
            "type": "wordpress-language",
            "description": "Wordpress twentyfifteen translation for Italian - it_it",
            "keywords": [
                "Translation",
                "Wordpress",
                "it_it",
                "twentyfifteen"
            ]
        },
        {
            "name": "koodimonni-theme-language/twentyfourteen-it_it",
            "version": "3.1",
            "dist": {
                "type": "zip",
                "url": "https://downloads.wordpress.org/translation/theme/twentyfourteen/3.1/it_IT.zip"
            },
            "require": {
                "koodimonni/composer-dropin-installer": ">=0.2.3"
            },
            "type": "wordpress-language",
            "description": "Wordpress twentyfourteen translation for Italian - it_it",
            "keywords": [
                "Translation",
                "Wordpress",
                "it_it",
                "twentyfourteen"
            ]
        },
        {
            "name": "koodimonni-theme-language/twentysixteen-it_it",
            "version": "2.4",
            "dist": {
                "type": "zip",
                "url": "https://downloads.wordpress.org/translation/theme/twentysixteen/2.4/it_IT.zip"
            },
            "require": {
                "koodimonni/composer-dropin-installer": ">=0.2.3"
            },
            "type": "wordpress-language",
            "description": "Wordpress twentysixteen translation for Italian - it_it",
            "keywords": [
                "Translation",
                "Wordpress",
                "it_it",
                "twentysixteen"
            ]
        },
        {
            "name": "koodimonni-theme-language/twentyten-it_it",
            "version": "3.3",
            "dist": {
                "type": "zip",
                "url": "https://downloads.wordpress.org/translation/theme/twentyten/3.3/it_IT.zip"
            },
            "require": {
                "koodimonni/composer-dropin-installer": ">=0.2.3"
            },
            "type": "wordpress-language",
            "description": "Wordpress twentyten translation for Italian - it_it",
            "keywords": [
                "Translation",
                "Wordpress",
                "it_it",
                "twentyten"
            ]
        },
        {
            "name": "koodimonni-theme-language/twentythirteen-it_it",
            "version": "3.3",
            "dist": {
                "type": "zip",
                "url": "https://downloads.wordpress.org/translation/theme/twentythirteen/3.3/it_IT.zip"
            },
            "require": {
                "koodimonni/composer-dropin-installer": ">=0.2.3"
            },
            "type": "wordpress-language",
            "description": "Wordpress twentythirteen translation for Italian - it_it",
            "keywords": [
                "Translation",
                "Wordpress",
                "it_it",
                "twentythirteen"
            ]
        },
        {
            "name": "koodimonni-theme-language/twentytwelve-it_it",
            "version": "3.3",
            "dist": {
                "type": "zip",
                "url": "https://downloads.wordpress.org/translation/theme/twentytwelve/3.3/it_IT.zip"
            },
            "require": {
                "koodimonni/composer-dropin-installer": ">=0.2.3"
            },
            "type": "wordpress-language",
            "description": "Wordpress twentytwelve translation for Italian - it_it",
            "keywords": [
                "Translation",
                "Wordpress",
                "it_it",
                "twentytwelve"
            ]
        },
        {
            "name": "koodimonni/composer-dropin-installer",
            "version": "1.3",
            "source": {
                "type": "git",
                "url": "https://github.com/Koodimonni/Composer-Dropin-Installer.git",
                "reference": "2ebddd0ead26f52962be385dcc85057be4c5a69e"
            },
            "dist": {
                "type": "zip",
                "url": "https://api.github.com/repos/Koodimonni/Composer-Dropin-Installer/zipball/2ebddd0ead26f52962be385dcc85057be4c5a69e",
                "reference": "2ebddd0ead26f52962be385dcc85057be4c5a69e",
                "shasum": ""
            },
            "require": {
                "composer-plugin-api": "^1.0 | ^2.0",
                "php": ">=5.3.2"
            },
            "require-dev": {
                "phpunit/phpunit": "^5.7"
            },
            "type": "composer-plugin",
            "extra": {
                "class": "Koodimonni\\Composer\\Dropin"
            },
            "autoload": {
                "psr-4": {
                    "Koodimonni\\Composer\\": "src/"
                }
            },
            "notification-url": "https://packagist.org/downloads/",
            "license": [
                "WTFPL"
            ],
            "authors": [
                {
                    "name": "Onni Hakala",
                    "email": "onni@koodimonni.fi",
                    "role": "Developer"
                }
            ],
            "description": "Install packages or a few files from packages into custom paths without overwriting existing stuff.",
            "support": {
                "issues": "https://github.com/Koodimonni/Composer-Dropin-Installer/issues",
                "source": "https://github.com/Koodimonni/Composer-Dropin-Installer/tree/master"
            },
            "time": "2020-08-17T07:41:05+00:00"
        },
        {
            "name": "wpackagist-plugin/nginx-cache",
            "version": "1.0.5",
            "source": {
                "type": "svn",
                "url": "https://plugins.svn.wordpress.org/nginx-cache/",
                "reference": "tags/1.0.5"
            },
            "dist": {
                "type": "zip",
                "url": "https://downloads.wordpress.org/plugin/nginx-cache.1.0.5.zip"
            },
            "require": {
                "composer/installers": "~1.0 || ~2.0"
            },
            "type": "wordpress-plugin",
            "homepage": "https://wordpress.org/plugins/nginx-cache/"
        },
        {
            "name": "wpackagist-plugin/windows-azure-storage",
            "version": "4.3.2",
            "source": {
                "type": "svn",
                "url": "https://plugins.svn.wordpress.org/windows-azure-storage/",
                "reference": "tags/4.3.2"
            },
            "dist": {
                "type": "zip",
                "url": "https://downloads.wordpress.org/plugin/windows-azure-storage.4.3.2.zip"
            },
            "require": {
                "composer/installers": "~1.0 || ~2.0"
            },
            "type": "wordpress-plugin",
            "homepage": "https://wordpress.org/plugins/windows-azure-storage/"
        },
        {
            "name": "wpackagist-plugin/wp-stateless",
            "version": "3.1.0",
            "source": {
                "type": "svn",
                "url": "https://plugins.svn.wordpress.org/wp-stateless/",
                "reference": "tags/3.1.0"
            },
            "dist": {
                "type": "zip",
                "url": "https://downloads.wordpress.org/plugin/wp-stateless.3.1.0.zip"
            },
            "require": {
                "composer/installers": "~1.0 || ~2.0"
            },
            "type": "wordpress-plugin",
            "homepage": "https://wordpress.org/plugins/wp-stateless/"
        }
    ],
    "packages-dev": [],
    "aliases": [],
    "minimum-stability": "stable",
    "stability-flags": [],
    "prefer-stable": false,
    "prefer-lowest": false,
    "platform": [],
    "platform-dev": [],
    "plugin-api-version": "2.1.0"
}
